// !$*UTF8*$!
{
	archiveVersion = 1;
	classes = {
	};
	objectVersion = 50;
	objects = {

/* Begin PBXBuildFile section */
		D904444F2682AB12007BE1B8 /* NoteApp WatchKit App.app in Embed Watch Content */ = {isa = PBXBuildFile; fileRef = D904444E2682AB12007BE1B8 /* NoteApp WatchKit App.app */; settings = {ATTRIBUTES = (RemoveHeadersOnCopy, ); }; };
		D90444542682AB1A007BE1B8 /* Assets.xcassets in Resources */ = {isa = PBXBuildFile; fileRef = D90444532682AB1A007BE1B8 /* Assets.xcassets */; };
		D904445B2682AB1A007BE1B8 /* NoteApp WatchKit Extension.appex in Embed App Extensions */ = {isa = PBXBuildFile; fileRef = D904445A2682AB1A007BE1B8 /* NoteApp WatchKit Extension.appex */; settings = {ATTRIBUTES = (RemoveHeadersOnCopy, ); }; };
		D90444602682AB1A007BE1B8 /* ContentView.swift in Sources */ = {isa = PBXBuildFile; fileRef = D904445F2682AB1A007BE1B8 /* ContentView.swift */; };
		D90444622682AB1A007BE1B8 /* NoteAppApp.swift in Sources */ = {isa = PBXBuildFile; fileRef = D90444612682AB1A007BE1B8 /* NoteAppApp.swift */; };
		D90444642682AB1A007BE1B8 /* ComplicationController.swift in Sources */ = {isa = PBXBuildFile; fileRef = D90444632682AB1A007BE1B8 /* ComplicationController.swift */; };
		D90444662682AB1E007BE1B8 /* Assets.xcassets in Resources */ = {isa = PBXBuildFile; fileRef = D90444652682AB1E007BE1B8 /* Assets.xcassets */; };
		D90444692682AB1E007BE1B8 /* Preview Assets.xcassets in Resources */ = {isa = PBXBuildFile; fileRef = D90444682682AB1E007BE1B8 /* Preview Assets.xcassets */; };
/* End PBXBuildFile section */

/* Begin PBXContainerItemProxy section */
		D90444502682AB12007BE1B8 /* PBXContainerItemProxy */ = {
			isa = PBXContainerItemProxy;
			containerPortal = D90444442682AB11007BE1B8 /* Project object */;
			proxyType = 1;
			remoteGlobalIDString = D904444D2682AB12007BE1B8;
			remoteInfo = "NoteApp WatchKit App";
		};
		D904445C2682AB1A007BE1B8 /* PBXContainerItemProxy */ = {
			isa = PBXContainerItemProxy;
			containerPortal = D90444442682AB11007BE1B8 /* Project object */;
			proxyType = 1;
			remoteGlobalIDString = D90444592682AB1A007BE1B8;
			remoteInfo = "NoteApp WatchKit Extension";
		};
/* End PBXContainerItemProxy section */

/* Begin PBXCopyFilesBuildPhase section */
		D90444702682AB1E007BE1B8 /* Embed App Extensions */ = {
			isa = PBXCopyFilesBuildPhase;
			buildActionMask = 2147483647;
			dstPath = "";
			dstSubfolderSpec = 13;
			files = (
				D904445B2682AB1A007BE1B8 /* NoteApp WatchKit Extension.appex in Embed App Extensions */,
			);
			name = "Embed App Extensions";
			runOnlyForDeploymentPostprocessing = 0;
		};
		D90444742682AB1E007BE1B8 /* Embed Watch Content */ = {
			isa = PBXCopyFilesBuildPhase;
			buildActionMask = 2147483647;
			dstPath = "$(CONTENTS_FOLDER_PATH)/Watch";
			dstSubfolderSpec = 16;
			files = (
				D904444F2682AB12007BE1B8 /* NoteApp WatchKit App.app in Embed Watch Content */,
			);
			name = "Embed Watch Content";
			runOnlyForDeploymentPostprocessing = 0;
		};
/* End PBXCopyFilesBuildPhase section */

/* Begin PBXFileReference section */
		D904444A2682AB12007BE1B8 /* NoteApp.app */ = {isa = PBXFileReference; explicitFileType = wrapper.application; includeInIndex = 0; path = NoteApp.app; sourceTree = BUILT_PRODUCTS_DIR; };
		D904444E2682AB12007BE1B8 /* NoteApp WatchKit App.app */ = {isa = PBXFileReference; explicitFileType = wrapper.application; includeInIndex = 0; path = "NoteApp WatchKit App.app"; sourceTree = BUILT_PRODUCTS_DIR; };
		D90444532682AB1A007BE1B8 /* Assets.xcassets */ = {isa = PBXFileReference; lastKnownFileType = folder.assetcatalog; path = Assets.xcassets; sourceTree = "<group>"; };
		D90444552682AB1A007BE1B8 /* Info.plist */ = {isa = PBXFileReference; lastKnownFileType = text.plist.xml; path = Info.plist; sourceTree = "<group>"; };
		D904445A2682AB1A007BE1B8 /* NoteApp WatchKit Extension.appex */ = {isa = PBXFileReference; explicitFileType = "wrapper.app-extension"; includeInIndex = 0; path = "NoteApp WatchKit Extension.appex"; sourceTree = BUILT_PRODUCTS_DIR; };
		D904445F2682AB1A007BE1B8 /* ContentView.swift */ = {isa = PBXFileReference; lastKnownFileType = sourcecode.swift; path = ContentView.swift; sourceTree = "<group>"; };
		D90444612682AB1A007BE1B8 /* NoteAppApp.swift */ = {isa = PBXFileReference; lastKnownFileType = sourcecode.swift; path = NoteAppApp.swift; sourceTree = "<group>"; };
		D90444632682AB1A007BE1B8 /* ComplicationController.swift */ = {isa = PBXFileReference; lastKnownFileType = sourcecode.swift; path = ComplicationController.swift; sourceTree = "<group>"; };
		D90444652682AB1E007BE1B8 /* Assets.xcassets */ = {isa = PBXFileReference; lastKnownFileType = folder.assetcatalog; path = Assets.xcassets; sourceTree = "<group>"; };
		D90444682682AB1E007BE1B8 /* Preview Assets.xcassets */ = {isa = PBXFileReference; lastKnownFileType = folder.assetcatalog; path = "Preview Assets.xcassets"; sourceTree = "<group>"; };
		D904446A2682AB1E007BE1B8 /* Info.plist */ = {isa = PBXFileReference; lastKnownFileType = text.plist.xml; path = Info.plist; sourceTree = "<group>"; };
/* End PBXFileReference section */

/* Begin PBXFrameworksBuildPhase section */
		D90444572682AB1A007BE1B8 /* Frameworks */ = {
			isa = PBXFrameworksBuildPhase;
			buildActionMask = 2147483647;
			files = (
			);
			runOnlyForDeploymentPostprocessing = 0;
		};
/* End PBXFrameworksBuildPhase section */

/* Begin PBXGroup section */
		D90444432682AB11007BE1B8 = {
			isa = PBXGroup;
			children = (
				D90444522682AB12007BE1B8 /* NoteApp WatchKit App */,
				D904445E2682AB1A007BE1B8 /* NoteApp WatchKit Extension */,
				D904444B2682AB12007BE1B8 /* Products */,
			);
			sourceTree = "<group>";
		};
		D904444B2682AB12007BE1B8 /* Products */ = {
			isa = PBXGroup;
			children = (
				D904444A2682AB12007BE1B8 /* NoteApp.app */,
				D904444E2682AB12007BE1B8 /* NoteApp WatchKit App.app */,
				D904445A2682AB1A007BE1B8 /* NoteApp WatchKit Extension.appex */,
			);
			name = Products;
			sourceTree = "<group>";
		};
		D90444522682AB12007BE1B8 /* NoteApp WatchKit App */ = {
			isa = PBXGroup;
			children = (
				D90444532682AB1A007BE1B8 /* Assets.xcassets */,
				D90444552682AB1A007BE1B8 /* Info.plist */,
			);
			path = "NoteApp WatchKit App";
			sourceTree = "<group>";
		};
		D904445E2682AB1A007BE1B8 /* NoteApp WatchKit Extension */ = {
			isa = PBXGroup;
			children = (
				D904445F2682AB1A007BE1B8 /* ContentView.swift */,
				D90444612682AB1A007BE1B8 /* NoteAppApp.swift */,
				D90444632682AB1A007BE1B8 /* ComplicationController.swift */,
				D90444652682AB1E007BE1B8 /* Assets.xcassets */,
				D904446A2682AB1E007BE1B8 /* Info.plist */,
				D90444672682AB1E007BE1B8 /* Preview Content */,
			);
			path = "NoteApp WatchKit Extension";
			sourceTree = "<group>";
		};
		D90444672682AB1E007BE1B8 /* Preview Content */ = {
			isa = PBXGroup;
			children = (
				D90444682682AB1E007BE1B8 /* Preview Assets.xcassets */,
			);
			path = "Preview Content";
			sourceTree = "<group>";
		};
/* End PBXGroup section */

/* Begin PBXNativeTarget section */
		D90444492682AB12007BE1B8 /* NoteApp */ = {
			isa = PBXNativeTarget;
			buildConfigurationList = D90444752682AB1E007BE1B8 /* Build configuration list for PBXNativeTarget "NoteApp" */;
			buildPhases = (
				D90444482682AB12007BE1B8 /* Resources */,
				D90444742682AB1E007BE1B8 /* Embed Watch Content */,
			);
			buildRules = (
			);
			dependencies = (
				D90444512682AB12007BE1B8 /* PBXTargetDependency */,
			);
			name = NoteApp;
			productName = NoteApp;
			productReference = D904444A2682AB12007BE1B8 /* NoteApp.app */;
			productType = "com.apple.product-type.application.watchapp2-container";
		};
		D904444D2682AB12007BE1B8 /* NoteApp WatchKit App */ = {
			isa = PBXNativeTarget;
			buildConfigurationList = D90444712682AB1E007BE1B8 /* Build configuration list for PBXNativeTarget "NoteApp WatchKit App" */;
			buildPhases = (
				D904444C2682AB12007BE1B8 /* Resources */,
				D90444702682AB1E007BE1B8 /* Embed App Extensions */,
			);
			buildRules = (
			);
			dependencies = (
				D904445D2682AB1A007BE1B8 /* PBXTargetDependency */,
			);
			name = "NoteApp WatchKit App";
			productName = "NoteApp WatchKit App";
			productReference = D904444E2682AB12007BE1B8 /* NoteApp WatchKit App.app */;
			productType = "com.apple.product-type.application.watchapp2";
		};
		D90444592682AB1A007BE1B8 /* NoteApp WatchKit Extension */ = {
			isa = PBXNativeTarget;
			buildConfigurationList = D904446D2682AB1E007BE1B8 /* Build configuration list for PBXNativeTarget "NoteApp WatchKit Extension" */;
			buildPhases = (
				D90444562682AB1A007BE1B8 /* Sources */,
				D90444572682AB1A007BE1B8 /* Frameworks */,
				D90444582682AB1A007BE1B8 /* Resources */,
			);
			buildRules = (
			);
			dependencies = (
			);
			name = "NoteApp WatchKit Extension";
			productName = "NoteApp WatchKit Extension";
			productReference = D904445A2682AB1A007BE1B8 /* NoteApp WatchKit Extension.appex */;
			productType = "com.apple.product-type.watchkit2-extension";
		};
/* End PBXNativeTarget section */

/* Begin PBXProject section */
		D90444442682AB11007BE1B8 /* Project object */ = {
			isa = PBXProject;
			attributes = {
				LastSwiftUpdateCheck = 1250;
				LastUpgradeCheck = 1250;
				TargetAttributes = {
					D90444492682AB12007BE1B8 = {
						CreatedOnToolsVersion = 12.5;
					};
					D904444D2682AB12007BE1B8 = {
						CreatedOnToolsVersion = 12.5;
					};
					D90444592682AB1A007BE1B8 = {
						CreatedOnToolsVersion = 12.5;
					};
				};
			};
			buildConfigurationList = D90444472682AB11007BE1B8 /* Build configuration list for PBXProject "NoteApp" */;
			compatibilityVersion = "Xcode 9.3";
			developmentRegion = en;
			hasScannedForEncodings = 0;
			knownRegions = (
				en,
				Base,
			);
			mainGroup = D90444432682AB11007BE1B8;
			productRefGroup = D904444B2682AB12007BE1B8 /* Products */;
			projectDirPath = "";
			projectRoot = "";
			targets = (
				D90444492682AB12007BE1B8 /* NoteApp */,
				D904444D2682AB12007BE1B8 /* NoteApp WatchKit App */,
				D90444592682AB1A007BE1B8 /* NoteApp WatchKit Extension */,
			);
		};
/* End PBXProject section */

/* Begin PBXResourcesBuildPhase section */
		D90444482682AB12007BE1B8 /* Resources */ = {
			isa = PBXResourcesBuildPhase;
			buildActionMask = 2147483647;
			files = (
			);
			runOnlyForDeploymentPostprocessing = 0;
		};
		D904444C2682AB12007BE1B8 /* Resources */ = {
			isa = PBXResourcesBuildPhase;
			buildActionMask = 2147483647;
			files = (
				D90444542682AB1A007BE1B8 /* Assets.xcassets in Resources */,
			);
			runOnlyForDeploymentPostprocessing = 0;
		};
		D90444582682AB1A007BE1B8 /* Resources */ = {
			isa = PBXResourcesBuildPhase;
			buildActionMask = 2147483647;
			files = (
				D90444692682AB1E007BE1B8 /* Preview Assets.xcassets in Resources */,
				D90444662682AB1E007BE1B8 /* Assets.xcassets in Resources */,
			);
			runOnlyForDeploymentPostprocessing = 0;
		};
/* End PBXResourcesBuildPhase section */

/* Begin PBXSourcesBuildPhase section */
		D90444562682AB1A007BE1B8 /* Sources */ = {
			isa = PBXSourcesBuildPhase;
			buildActionMask = 2147483647;
			files = (
				D90444602682AB1A007BE1B8 /* ContentView.swift in Sources */,
				D90444622682AB1A007BE1B8 /* NoteAppApp.swift in Sources */,
				D90444642682AB1A007BE1B8 /* ComplicationController.swift in Sources */,
			);
			runOnlyForDeploymentPostprocessing = 0;
		};
/* End PBXSourcesBuildPhase section */

/* Begin PBXTargetDependency section */
		D90444512682AB12007BE1B8 /* PBXTargetDependency */ = {
			isa = PBXTargetDependency;
			target = D904444D2682AB12007BE1B8 /* NoteApp WatchKit App */;
			targetProxy = D90444502682AB12007BE1B8 /* PBXContainerItemProxy */;
		};
		D904445D2682AB1A007BE1B8 /* PBXTargetDependency */ = {
			isa = PBXTargetDependency;
			target = D90444592682AB1A007BE1B8 /* NoteApp WatchKit Extension */;
			targetProxy = D904445C2682AB1A007BE1B8 /* PBXContainerItemProxy */;
		};
/* End PBXTargetDependency section */

/* Begin XCBuildConfiguration section */
		D904446B2682AB1E007BE1B8 /* Debug */ = {
			isa = XCBuildConfiguration;
			buildSettings = {
				ALWAYS_SEARCH_USER_PATHS = NO;
				CLANG_ANALYZER_NONNULL = YES;
				CLANG_ANALYZER_NUMBER_OBJECT_CONVERSION = YES_AGGRESSIVE;
				CLANG_CXX_LANGUAGE_STANDARD = "gnu++14";
				CLANG_CXX_LIBRARY = "libc++";
				CLANG_ENABLE_MODULES = YES;
				CLANG_ENABLE_OBJC_ARC = YES;
				CLANG_ENABLE_OBJC_WEAK = YES;
				CLANG_WARN_BLOCK_CAPTURE_AUTORELEASING = YES;
				CLANG_WARN_BOOL_CONVERSION = YES;
				CLANG_WARN_COMMA = YES;
				CLANG_WARN_CONSTANT_CONVERSION = YES;
				CLANG_WARN_DEPRECATED_OBJC_IMPLEMENTATIONS = YES;
				CLANG_WARN_DIRECT_OBJC_ISA_USAGE = YES_ERROR;
				CLANG_WARN_DOCUMENTATION_COMMENTS = YES;
				CLANG_WARN_EMPTY_BODY = YES;
				CLANG_WARN_ENUM_CONVERSION = YES;
				CLANG_WARN_INFINITE_RECURSION = YES;
				CLANG_WARN_INT_CONVERSION = YES;
				CLANG_WARN_NON_LITERAL_NULL_CONVERSION = YES;
				CLANG_WARN_OBJC_IMPLICIT_RETAIN_SELF = YES;
				CLANG_WARN_OBJC_LITERAL_CONVERSION = YES;
				CLANG_WARN_OBJC_ROOT_CLASS = YES_ERROR;
				CLANG_WARN_QUOTED_INCLUDE_IN_FRAMEWORK_HEADER = YES;
				CLANG_WARN_RANGE_LOOP_ANALYSIS = YES;
				CLANG_WARN_STRICT_PROTOTYPES = YES;
				CLANG_WARN_SUSPICIOUS_MOVE = YES;
				CLANG_WARN_UNGUARDED_AVAILABILITY = YES_AGGRESSIVE;
				CLANG_WARN_UNREACHABLE_CODE = YES;
				CLANG_WARN__DUPLICATE_METHOD_MATCH = YES;
				COPY_PHASE_STRIP = NO;
				DEBUG_INFORMATION_FORMAT = dwarf;
				ENABLE_STRICT_OBJC_MSGSEND = YES;
				ENABLE_TESTABILITY = YES;
				GCC_C_LANGUAGE_STANDARD = gnu11;
				GCC_DYNAMIC_NO_PIC = NO;
				GCC_NO_COMMON_BLOCKS = YES;
				GCC_OPTIMIZATION_LEVEL = 0;
				GCC_PREPROCESSOR_DEFINITIONS = (
					"DEBUG=1",
					"$(inherited)",
				);
				GCC_WARN_64_TO_32_BIT_CONVERSION = YES;
				GCC_WARN_ABOUT_RETURN_TYPE = YES_ERROR;
				GCC_WARN_UNDECLARED_SELECTOR = YES;
				GCC_WARN_UNINITIALIZED_AUTOS = YES_AGGRESSIVE;
				GCC_WARN_UNUSED_FUNCTION = YES;
				GCC_WARN_UNUSED_VARIABLE = YES;
				MTL_ENABLE_DEBUG_INFO = INCLUDE_SOURCE;
				MTL_FAST_MATH = YES;
				ONLY_ACTIVE_ARCH = YES;
				SDKROOT = iphoneos;
				SWIFT_ACTIVE_COMPILATION_CONDITIONS = DEBUG;
				SWIFT_OPTIMIZATION_LEVEL = "-Onone";
			};
			name = Debug;
		};
		D904446C2682AB1E007BE1B8 /* Release */ = {
			isa = XCBuildConfiguration;
			buildSettings = {
				ALWAYS_SEARCH_USER_PATHS = NO;
				CLANG_ANALYZER_NONNULL = YES;
				CLANG_ANALYZER_NUMBER_OBJECT_CONVERSION = YES_AGGRESSIVE;
				CLANG_CXX_LANGUAGE_STANDARD = "gnu++14";
				CLANG_CXX_LIBRARY = "libc++";
				CLANG_ENABLE_MODULES = YES;
				CLANG_ENABLE_OBJC_ARC = YES;
				CLANG_ENABLE_OBJC_WEAK = YES;
				CLANG_WARN_BLOCK_CAPTURE_AUTORELEASING = YES;
				CLANG_WARN_BOOL_CONVERSION = YES;
				CLANG_WARN_COMMA = YES;
				CLANG_WARN_CONSTANT_CONVERSION = YES;
				CLANG_WARN_DEPRECATED_OBJC_IMPLEMENTATIONS = YES;
				CLANG_WARN_DIRECT_OBJC_ISA_USAGE = YES_ERROR;
				CLANG_WARN_DOCUMENTATION_COMMENTS = YES;
				CLANG_WARN_EMPTY_BODY = YES;
				CLANG_WARN_ENUM_CONVERSION = YES;
				CLANG_WARN_INFINITE_RECURSION = YES;
				CLANG_WARN_INT_CONVERSION = YES;
				CLANG_WARN_NON_LITERAL_NULL_CONVERSION = YES;
				CLANG_WARN_OBJC_IMPLICIT_RETAIN_SELF = YES;
				CLANG_WARN_OBJC_LITERAL_CONVERSION = YES;
				CLANG_WARN_OBJC_ROOT_CLASS = YES_ERROR;
				CLANG_WARN_QUOTED_INCLUDE_IN_FRAMEWORK_HEADER = YES;
				CLANG_WARN_RANGE_LOOP_ANALYSIS = YES;
				CLANG_WARN_STRICT_PROTOTYPES = YES;
				CLANG_WARN_SUSPICIOUS_MOVE = YES;
				CLANG_WARN_UNGUARDED_AVAILABILITY = YES_AGGRESSIVE;
				CLANG_WARN_UNREACHABLE_CODE = YES;
				CLANG_WARN__DUPLICATE_METHOD_MATCH = YES;
				COPY_PHASE_STRIP = NO;
				DEBUG_INFORMATION_FORMAT = "dwarf-with-dsym";
				ENABLE_NS_ASSERTIONS = NO;
				ENABLE_STRICT_OBJC_MSGSEND = YES;
				GCC_C_LANGUAGE_STANDARD = gnu11;
				GCC_NO_COMMON_BLOCKS = YES;
				GCC_WARN_64_TO_32_BIT_CONVERSION = YES;
				GCC_WARN_ABOUT_RETURN_TYPE = YES_ERROR;
				GCC_WARN_UNDECLARED_SELECTOR = YES;
				GCC_WARN_UNINITIALIZED_AUTOS = YES_AGGRESSIVE;
				GCC_WARN_UNUSED_FUNCTION = YES;
				GCC_WARN_UNUSED_VARIABLE = YES;
				MTL_ENABLE_DEBUG_INFO = NO;
				MTL_FAST_MATH = YES;
				SDKROOT = iphoneos;
				SWIFT_COMPILATION_MODE = wholemodule;
				SWIFT_OPTIMIZATION_LEVEL = "-O";
				VALIDATE_PRODUCT = YES;
			};
			name = Release;
		};
		D904446E2682AB1E007BE1B8 /* Debug */ = {
			isa = XCBuildConfiguration;
			buildSettings = {
				ASSETCATALOG_COMPILER_COMPLICATION_NAME = Complication;
				CODE_SIGN_STYLE = Automatic;
				DEVELOPMENT_ASSET_PATHS = "\"NoteApp WatchKit Extension/Preview Content\"";
				DEVELOPMENT_TEAM = 2YW7T3D5A5;
				ENABLE_PREVIEWS = YES;
				INFOPLIST_FILE = "NoteApp WatchKit Extension/Info.plist";
				LD_RUNPATH_SEARCH_PATHS = (
					"$(inherited)",
					"@executable_path/Frameworks",
					"@executable_path/../../Frameworks",
				);
				PRODUCT_BUNDLE_IDENTIFIER = com.db.NoteApp.watchkitapp.watchkitextension;
				PRODUCT_NAME = "${TARGET_NAME}";
				SDKROOT = watchos;
				SKIP_INSTALL = YES;
				SWIFT_VERSION = 5.0;
				TARGETED_DEVICE_FAMILY = 4;
				WATCHOS_DEPLOYMENT_TARGET = 7.4;
			};
			name = Debug;
		};
		D904446F2682AB1E007BE1B8 /* Release */ = {
			isa = XCBuildConfiguration;
			buildSettings = {
				ASSETCATALOG_COMPILER_COMPLICATION_NAME = Complication;
				CODE_SIGN_STYLE = Automatic;
				DEVELOPMENT_ASSET_PATHS = "\"NoteApp WatchKit Extension/Preview Content\"";
				DEVELOPMENT_TEAM = 2YW7T3D5A5;
				ENABLE_PREVIEWS = YES;
				INFOPLIST_FILE = "NoteApp WatchKit Extension/Info.plist";
				LD_RUNPATH_SEARCH_PATHS = (
					"$(inherited)",
					"@executable_path/Frameworks",
					"@executable_path/../../Frameworks",
				);
				PRODUCT_BUNDLE_IDENTIFIER = com.db.NoteApp.watchkitapp.watchkitextension;
				PRODUCT_NAME = "${TARGET_NAME}";
				SDKROOT = watchos;
				SKIP_INSTALL = YES;
				SWIFT_VERSION = 5.0;
				TARGETED_DEVICE_FAMILY = 4;
				WATCHOS_DEPLOYMENT_TARGET = 7.4;
			};
			name = Release;
		};
		D90444722682AB1E007BE1B8 /* Debug */ = {
			isa = XCBuildConfiguration;
			buildSettings = {
				ALWAYS_EMBED_SWIFT_STANDARD_LIBRARIES = YES;
				ASSETCATALOG_COMPILER_APPICON_NAME = AppIcon;
				ASSETCATALOG_COMPILER_GLOBAL_ACCENT_COLOR_NAME = AccentColor;
				CODE_SIGN_STYLE = Automatic;
				DEVELOPMENT_TEAM = 2YW7T3D5A5;
				IBSC_MODULE = NoteApp_WatchKit_Extension;
				INFOPLIST_FILE = "NoteApp WatchKit App/Info.plist";
				PRODUCT_BUNDLE_IDENTIFIER = com.db.NoteApp.watchkitapp;
				PRODUCT_NAME = "$(TARGET_NAME)";
				SDKROOT = watchos;
				SKIP_INSTALL = YES;
				SWIFT_VERSION = 5.0;
				TARGETED_DEVICE_FAMILY = 4;
				WATCHOS_DEPLOYMENT_TARGET = 7.4;
			};
			name = Debug;
		};
		D90444732682AB1E007BE1B8 /* Release */ = {
			isa = XCBuildConfiguration;
			buildSettings = {
				ALWAYS_EMBED_SWIFT_STANDARD_LIBRARIES = YES;
				ASSETCATALOG_COMPILER_APPICON_NAME = AppIcon;
				ASSETCATALOG_COMPILER_GLOBAL_ACCENT_COLOR_NAME = AccentColor;
				CODE_SIGN_STYLE = Automatic;
				DEVELOPMENT_TEAM = 2YW7T3D5A5;
				IBSC_MODULE = NoteApp_WatchKit_Extension;
				INFOPLIST_FILE = "NoteApp WatchKit App/Info.plist";
				PRODUCT_BUNDLE_IDENTIFIER = com.db.NoteApp.watchkitapp;
				PRODUCT_NAME = "$(TARGET_NAME)";
				SDKROOT = watchos;
				SKIP_INSTALL = YES;
				SWIFT_VERSION = 5.0;
				TARGETED_DEVICE_FAMILY = 4;
				WATCHOS_DEPLOYMENT_TARGET = 7.4;
			};
			name = Release;
		};
		D90444762682AB1E007BE1B8 /* Debug */ = {
			isa = XCBuildConfiguration;
			buildSettings = {
				CODE_SIGN_STYLE = Automatic;
				CURRENT_PROJECT_VERSION = 1;
				DEVELOPMENT_TEAM = 2YW7T3D5A5;
				MARKETING_VERSION = 1.0;
				PRODUCT_BUNDLE_IDENTIFIER = com.db.NoteApp;
				PRODUCT_NAME = "$(TARGET_NAME)";
				SWIFT_VERSION = 5.0;
			};
			name = Debug;
		};
		D90444772682AB1E007BE1B8 /* Release */ = {
			isa = XCBuildConfiguration;
			buildSettings = {
				CODE_SIGN_STYLE = Automatic;
				CURRENT_PROJECT_VERSION = 1;
				DEVELOPMENT_TEAM = 2YW7T3D5A5;
				MARKETING_VERSION = 1.0;
				PRODUCT_BUNDLE_IDENTIFIER = com.db.NoteApp;
				PRODUCT_NAME = "$(TARGET_NAME)";
				SWIFT_VERSION = 5.0;
			};
			name = Release;
		};
/* End XCBuildConfiguration section */

/* Begin XCConfigurationList section */
		D90444472682AB11007BE1B8 /* Build configuration list for PBXProject "NoteApp" */ = {
			isa = XCConfigurationList;
			buildConfigurations = (
				D904446B2682AB1E007BE1B8 /* Debug */,
				D904446C2682AB1E007BE1B8 /* Release */,
			);
			defaultConfigurationIsVisible = 0;
			defaultConfigurationName = Release;
		};
		D904446D2682AB1E007BE1B8 /* Build configuration list for PBXNativeTarget "NoteApp WatchKit Extension" */ = {
			isa = XCConfigurationList;
			buildConfigurations = (
				D904446E2682AB1E007BE1B8 /* Debug */,
				D904446F2682AB1E007BE1B8 /* Release */,
			);
			defaultConfigurationIsVisible = 0;
			defaultConfigurationName = Release;
		};
		D90444712682AB1E007BE1B8 /* Build configuration list for PBXNativeTarget "NoteApp WatchKit App" */ = {
			isa = XCConfigurationList;
			buildConfigurations = (
				D90444722682AB1E007BE1B8 /* Debug */,
				D90444732682AB1E007BE1B8 /* Release */,
			);
			defaultConfigurationIsVisible = 0;
			defaultConfigurationName = Release;
		};
		D90444752682AB1E007BE1B8 /* Build configuration list for PBXNativeTarget "NoteApp" */ = {
			isa = XCConfigurationList;
			buildConfigurations = (
				D90444762682AB1E007BE1B8 /* Debug */,
				D90444772682AB1E007BE1B8 /* Release */,
			);
			defaultConfigurationIsVisible = 0;
			defaultConfigurationName = Release;
		};
/* End XCConfigurationList section */
	};
	rootObject = D90444442682AB11007BE1B8 /* Project object */;
}
